{
  "name": "vidsrc",
  "lockfileVersion": 3,
  "requires": true,
  "packages": {
    "": {
      "dependencies": {
        "automation-extra": "^1.0.0"
      }
    },
    "node_modules/automation-extra": {
      "version": "1.0.0",
      "resolved": "https://registry.npmjs.org/automation-extra/-/automation-extra-1.0.0.tgz",
      "integrity": "sha512-Qm6G1TtACa9sT/lRCs7aUoleU2YtOoLarrzhFcMTqsi99dkGBepOtNHCXqpg82O/MbOLMrHm7u+T4mTNB1aqjw==",
      "license": "MIT"
    }
  }
}
